// !$*UTF8*$!
{
	archiveVersion = 1;
	classes = {
	};
	objectVersion = 46;
	objects = {

/* Begin PBXBuildFile section */
		047691611B39554C008A693A /* main.m in Sources */ = {isa = PBXBuildFile; fileRef = 047691601B39554C008A693A /* main.m */; };
		047691641B39554C008A693A /* AppDelegate.m in Sources */ = {isa = PBXBuildFile; fileRef = 047691631B39554C008A693A /* AppDelegate.m */; };
		047691671B39554C008A693A /* ViewController.m in Sources */ = {isa = PBXBuildFile; fileRef = 047691661B39554C008A693A /* ViewController.m */; };
		0476916A1B39554C008A693A /* Main.storyboard in Resources */ = {isa = PBXBuildFile; fileRef = 047691681B39554C008A693A /* Main.storyboard */; };
		0476916C1B39554C008A693A /* Images.xcassets in Resources */ = {isa = PBXBuildFile; fileRef = 0476916B1B39554C008A693A /* Images.xcassets */; };
		0476916F1B39554C008A693A /* LaunchScreen.xib in Resources */ = {isa = PBXBuildFile; fileRef = 0476916D1B39554C008A693A /* LaunchScreen.xib */; };
		0476917B1B39554C008A693A /* VKWaterfallTests.m in Sources */ = {isa = PBXBuildFile; fileRef = 0476917A1B39554C008A693A /* VKWaterfallTests.m */; };
		047691861B3955D2008A693A /* VKCollectionViewLayout.m in Sources */ = {isa = PBXBuildFile; fileRef = 047691851B3955D2008A693A /* VKCollectionViewLayout.m */; };
		0476918C1B3961DB008A693A /* UIColor+RandomFlatColors.m in Sources */ = {isa = PBXBuildFile; fileRef = 0476918B1B3961DB008A693A /* UIColor+RandomFlatColors.m */; };
		047691901B396971008A693A /* VKCollectionViewCell.m in Sources */ = {isa = PBXBuildFile; fileRef = 0476918E1B396971008A693A /* VKCollectionViewCell.m */; };
		047691911B396971008A693A /* VKCollectionViewCell.xib in Resources */ = {isa = PBXBuildFile; fileRef = 0476918F1B396971008A693A /* VKCollectionViewCell.xib */; };
/* End PBXBuildFile section */

/* Begin PBXContainerItemProxy section */
		047691751B39554C008A693A /* PBXContainerItemProxy */ = {
			isa = PBXContainerItemProxy;
			containerPortal = 047691531B39554C008A693A /* Project object */;
			proxyType = 1;
			remoteGlobalIDString = 0476915A1B39554C008A693A;
			remoteInfo = VKWaterfall;
		};
/* End PBXContainerItemProxy section */

/* Begin PBXFileReference section */
		0476915B1B39554C008A693A /* VKWaterfall.app */ = {isa = PBXFileReference; explicitFileType = wrapper.application; includeInIndex = 0; path = VKWaterfall.app; sourceTree = BUILT_PRODUCTS_DIR; };
		0476915F1B39554C008A693A /* Info.plist */ = {isa = PBXFileReference; lastKnownFileType = text.plist.xml; path = Info.plist; sourceTree = "<group>"; };
		047691601B39554C008A693A /* main.m */ = {isa = PBXFileReference; lastKnownFileType = sourcecode.c.objc; path = main.m; sourceTree = "<group>"; };
		047691621B39554C008A693A /* AppDelegate.h */ = {isa = PBXFileReference; lastKnownFileType = sourcecode.c.h; path = AppDelegate.h; sourceTree = "<group>"; };
		047691631B39554C008A693A /* AppDelegate.m */ = {isa = PBXFileReference; lastKnownFileType = sourcecode.c.objc; path = AppDelegate.m; sourceTree = "<group>"; };
		047691651B39554C008A693A /* ViewController.h */ = {isa = PBXFileReference; lastKnownFileType = sourcecode.c.h; path = ViewController.h; sourceTree = "<group>"; };
		047691661B39554C008A693A /* ViewController.m */ = {isa = PBXFileReference; lastKnownFileType = sourcecode.c.objc; path = ViewController.m; sourceTree = "<group>"; };
		047691691B39554C008A693A /* Base */ = {isa = PBXFileReference; lastKnownFileType = file.storyboard; name = Base; path = Base.lproj/Main.storyboard; sourceTree = "<group>"; };
		0476916B1B39554C008A693A /* Images.xcassets */ = {isa = PBXFileReference; lastKnownFileType = folder.assetcatalog; path = Images.xcassets; sourceTree = "<group>"; };
		0476916E1B39554C008A693A /* Base */ = {isa = PBXFileReference; lastKnownFileType = file.xib; name = Base; path = Base.lproj/LaunchScreen.xib; sourceTree = "<group>"; };
		047691741B39554C008A693A /* VKWaterfallTests.xctest */ = {isa = PBXFileReference; explicitFileType = wrapper.cfbundle; includeInIndex = 0; path = VKWaterfallTests.xctest; sourceTree = BUILT_PRODUCTS_DIR; };
		047691791B39554C008A693A /* Info.plist */ = {isa = PBXFileReference; lastKnownFileType = text.plist.xml; path = Info.plist; sourceTree = "<group>"; };
		0476917A1B39554C008A693A /* VKWaterfallTests.m */ = {isa = PBXFileReference; lastKnownFileType = sourcecode.c.objc; path = VKWaterfallTests.m; sourceTree = "<group>"; };
		047691841B3955D2008A693A /* VKCollectionViewLayout.h */ = {isa = PBXFileReference; fileEncoding = 4; lastKnownFileType = sourcecode.c.h; path = VKCollectionViewLayout.h; sourceTree = "<group>"; };
		047691851B3955D2008A693A /* VKCollectionViewLayout.m */ = {isa = PBXFileReference; fileEncoding = 4; lastKnownFileType = sourcecode.c.objc; path = VKCollectionViewLayout.m; sourceTree = "<group>"; };
		0476918A1B3961DB008A693A /* UIColor+RandomFlatColors.h */ = {isa = PBXFileReference; fileEncoding = 4; lastKnownFileType = sourcecode.c.h; path = "UIColor+RandomFlatColors.h"; sourceTree = "<group>"; };
		0476918B1B3961DB008A693A /* UIColor+RandomFlatColors.m */ = {isa = PBXFileReference; fileEncoding = 4; lastKnownFileType = sourcecode.c.objc; path = "UIColor+RandomFlatColors.m"; sourceTree = "<group>"; };
		0476918D1B396971008A693A /* VKCollectionViewCell.h */ = {isa = PBXFileReference; fileEncoding = 4; lastKnownFileType = sourcecode.c.h; path = VKCollectionViewCell.h; sourceTree = "<group>"; };
		0476918E1B396971008A693A /* VKCollectionViewCell.m */ = {isa = PBXFileReference; fileEncoding = 4; lastKnownFileType = sourcecode.c.objc; path = VKCollectionViewCell.m; sourceTree = "<group>"; };
		0476918F1B396971008A693A /* VKCollectionViewCell.xib */ = {isa = PBXFileReference; fileEncoding = 4; lastKnownFileType = file.xib; path = VKCollectionViewCell.xib; sourceTree = "<group>"; };
/* End PBXFileReference section */

/* Begin PBXFrameworksBuildPhase section */
		047691581B39554C008A693A /* Frameworks */ = {
			isa = PBXFrameworksBuildPhase;
			buildActionMask = 2147483647;
			files = (
			);
			runOnlyForDeploymentPostprocessing = 0;
		};
		047691711B39554C008A693A /* Frameworks */ = {
			isa = PBXFrameworksBuildPhase;
			buildActionMask = 2147483647;
			files = (
			);
			runOnlyForDeploymentPostprocessing = 0;
		};
/* End PBXFrameworksBuildPhase section */

/* Begin PBXGroup section */
		047691521B39554C008A693A = {
			isa = PBXGroup;
			children = (
				0476915D1B39554C008A693A /* VKWaterfall */,
				047691771B39554C008A693A /* VKWaterfallTests */,
				0476915C1B39554C008A693A /* Products */,
			);
			sourceTree = "<group>";
		};
		0476915C1B39554C008A693A /* Products */ = {
			isa = PBXGroup;
			children = (
				0476915B1B39554C008A693A /* VKWaterfall.app */,
				047691741B39554C008A693A /* VKWaterfallTests.xctest */,
			);
			name = Products;
			sourceTree = "<group>";
		};
		0476915D1B39554C008A693A /* VKWaterfall */ = {
			isa = PBXGroup;
			children = (
				047691621B39554C008A693A /* AppDelegate.h */,
				047691631B39554C008A693A /* AppDelegate.m */,
				047691651B39554C008A693A /* ViewController.h */,
				047691661B39554C008A693A /* ViewController.m */,
				047691681B39554C008A693A /* Main.storyboard */,
				047691841B3955D2008A693A /* VKCollectionViewLayout.h */,
				047691851B3955D2008A693A /* VKCollectionViewLayout.m */,
				0476918D1B396971008A693A /* VKCollectionViewCell.h */,
				0476918E1B396971008A693A /* VKCollectionViewCell.m */,
				0476918F1B396971008A693A /* VKCollectionViewCell.xib */,
				0476918A1B3961DB008A693A /* UIColor+RandomFlatColors.h */,
				0476918B1B3961DB008A693A /* UIColor+RandomFlatColors.m */,
				0476916B1B39554C008A693A /* Images.xcassets */,
				0476916D1B39554C008A693A /* LaunchScreen.xib */,
				0476915E1B39554C008A693A /* Supporting Files */,
			);
			path = VKWaterfall;
			sourceTree = "<group>";
		};
		0476915E1B39554C008A693A /* Supporting Files */ = {
			isa = PBXGroup;
			children = (
				0476915F1B39554C008A693A /* Info.plist */,
				047691601B39554C008A693A /* main.m */,
			);
			name = "Supporting Files";
			sourceTree = "<group>";
		};
		047691771B39554C008A693A /* VKWaterfallTests */ = {
			isa = PBXGroup;
			children = (
				0476917A1B39554C008A693A /* VKWaterfallTests.m */,
				047691781B39554C008A693A /* Supporting Files */,
			);
			path = VKWaterfallTests;
			sourceTree = "<group>";
		};
		047691781B39554C008A693A /* Supporting Files */ = {
			isa = PBXGroup;
			children = (
				047691791B39554C008A693A /* Info.plist */,
			);
			name = "Supporting Files";
			sourceTree = "<group>";
		};
/* End PBXGroup section */

/* Begin PBXNativeTarget section */
		0476915A1B39554C008A693A /* VKWaterfall */ = {
			isa = PBXNativeTarget;
			buildConfigurationList = 0476917E1B39554C008A693A /* Build configuration list for PBXNativeTarget "VKWaterfall" */;
			buildPhases = (
				047691571B39554C008A693A /* Sources */,
				047691581B39554C008A693A /* Frameworks */,
				047691591B39554C008A693A /* Resources */,
			);
			buildRules = (
			);
			dependencies = (
			);
			name = VKWaterfall;
			productName = VKWaterfall;
			productReference = 0476915B1B39554C008A693A /* VKWaterfall.app */;
			productType = "com.apple.product-type.application";
		};
		047691731B39554C008A693A /* VKWaterfallTests */ = {
			isa = PBXNativeTarget;
			buildConfigurationList = 047691811B39554C008A693A /* Build configuration list for PBXNativeTarget "VKWaterfallTests" */;
			buildPhases = (
				047691701B39554C008A693A /* Sources */,
				047691711B39554C008A693A /* Frameworks */,
				047691721B39554C008A693A /* Resources */,
			);
			buildRules = (
			);
			dependencies = (
				047691761B39554C008A693A /* PBXTargetDependency */,
			);
			name = VKWaterfallTests;
			productName = VKWaterfallTests;
			productReference = 047691741B39554C008A693A /* VKWaterfallTests.xctest */;
			productType = "com.apple.product-type.bundle.unit-test";
		};
/* End PBXNativeTarget section */

/* Begin PBXProject section */
		047691531B39554C008A693A /* Project object */ = {
			isa = PBXProject;
			attributes = {
				LastUpgradeCheck = 0630;
				ORGANIZATIONNAME = VKan;
				TargetAttributes = {
					0476915A1B39554C008A693A = {
						CreatedOnToolsVersion = 6.3;
					};
					047691731B39554C008A693A = {
						CreatedOnToolsVersion = 6.3;
						TestTargetID = 0476915A1B39554C008A693A;
					};
				};
			};
			buildConfigurationList = 047691561B39554C008A693A /* Build configuration list for PBXProject "VKWaterfall" */;
			compatibilityVersion = "Xcode 3.2";
			developmentRegion = English;
			hasScannedForEncodings = 0;
			knownRegions = (
				en,
				Base,
			);
			mainGroup = 047691521B39554C008A693A;
			productRefGroup = 0476915C1B39554C008A693A /* Products */;
			projectDirPath = "";
			projectRoot = "";
			targets = (
				0476915A1B39554C008A693A /* VKWaterfall */,
				047691731B39554C008A693A /* VKWaterfallTests */,
			);
		};
/* End PBXProject section */

/* Begin PBXResourcesBuildPhase section */
		047691591B39554C008A693A /* Resources */ = {
			isa = PBXResourcesBuildPhase;
			buildActionMask = 2147483647;
			files = (
				0476916A1B39554C008A693A /* Main.storyboard in Resources */,
				047691911B396971008A693A /* VKCollectionViewCell.xib in Resources */,
				0476916F1B39554C008A693A /* LaunchScreen.xib in Resources */,
				0476916C1B39554C008A693A /* Images.xcassets in Resources */,
			);
			runOnlyForDeploymentPostprocessing = 0;
		};
		047691721B39554C008A693A /* Resources */ = {
			isa = PBXResourcesBuildPhase;
			buildActionMask = 2147483647;
			files = (
			);
			runOnlyForDeploymentPostprocessing = 0;
		};
/* End PBXResourcesBuildPhase section */

/* Begin PBXSourcesBuildPhase section */
		047691571B39554C008A693A /* Sources */ = {
			isa = PBXSourcesBuildPhase;
			buildActionMask = 2147483647;
			files = (
				047691671B39554C008A693A /* ViewController.m in Sources */,
				047691861B3955D2008A693A /* VKCollectionViewLayout.m in Sources */,
				0476918C1B3961DB008A693A /* UIColor+RandomFlatColors.m in Sources */,
				047691641B39554C008A693A /* AppDelegate.m in Sources */,
				047691611B39554C008A693A /* main.m in Sources */,
				047691901B396971008A693A /* VKCollectionViewCell.m in Sources */,
			);
			runOnlyForDeploymentPostprocessing = 0;
		};
		047691701B39554C008A693A /* Sources */ = {
			isa = PBXSourcesBuildPhase;
			buildActionMask = 2147483647;
			files = (
				0476917B1B39554C008A693A /* VKWaterfallTests.m in Sources */,
			);
			runOnlyForDeploymentPostprocessing = 0;
		};
/* End PBXSourcesBuildPhase section */

/* Begin PBXTargetDependency section */
		047691761B39554C008A693A /* PBXTargetDependency */ = {
			isa = PBXTargetDependency;
			target = 0476915A1B39554C008A693A /* VKWaterfall */;
			targetProxy = 047691751B39554C008A693A /* PBXContainerItemProxy */;
		};
/* End PBXTargetDependency section */

/* Begin PBXVariantGroup section */
		047691681B39554C008A693A /* Main.storyboard */ = {
			isa = PBXVariantGroup;
			children = (
				047691691B39554C008A693A /* Base */,
			);
			name = Main.storyboard;
			sourceTree = "<group>";
		};
		0476916D1B39554C008A693A /* LaunchScreen.xib */ = {
			isa = PBXVariantGroup;
			children = (
				0476916E1B39554C008A693A /* Base */,
			);
			name = LaunchScreen.xib;
			sourceTree = "<group>";
		};
/* End PBXVariantGroup section */

/* Begin XCBuildConfiguration section */
		0476917C1B39554C008A693A /* Debug */ = {
			isa = XCBuildConfiguration;
			buildSettings = {
				ALWAYS_SEARCH_USER_PATHS = NO;
				CLANG_CXX_LANGUAGE_STANDARD = "gnu++0x";
				CLANG_CXX_LIBRARY = "libc++";
				CLANG_ENABLE_MODULES = YES;
				CLANG_ENABLE_OBJC_ARC = YES;
				CLANG_WARN_BOOL_CONVERSION = YES;
				CLANG_WARN_CONSTANT_CONVERSION = YES;
				CLANG_WARN_DIRECT_OBJC_ISA_USAGE = YES_ERROR;
				CLANG_WARN_EMPTY_BODY = YES;
				CLANG_WARN_ENUM_CONVERSION = YES;
				CLANG_WARN_INT_CONVERSION = YES;
				CLANG_WARN_OBJC_ROOT_CLASS = YES_ERROR;
				CLANG_WARN_UNREACHABLE_CODE = YES;
				CLANG_WARN__DUPLICATE_METHOD_MATCH = YES;
				"CODE_SIGN_IDENTITY[sdk=iphoneos*]" = "iPhone Developer";
				COPY_PHASE_STRIP = NO;
				DEBUG_INFORMATION_FORMAT = "dwarf-with-dsym";
				ENABLE_STRICT_OBJC_MSGSEND = YES;
				GCC_C_LANGUAGE_STANDARD = gnu99;
				GCC_DYNAMIC_NO_PIC = NO;
				GCC_NO_COMMON_BLOCKS = YES;
				GCC_OPTIMIZATION_LEVEL = 0;
				GCC_PREPROCESSOR_DEFINITIONS = (
					"DEBUG=1",
					"$(inherited)",
				);
				GCC_SYMBOLS_PRIVATE_EXTERN = NO;
				GCC_WARN_64_TO_32_BIT_CONVERSION = YES;
				GCC_WARN_ABOUT_RETURN_TYPE = YES_ERROR;
				GCC_WARN_UNDECLARED_SELECTOR = YES;
				GCC_WARN_UNINITIALIZED_AUTOS = YES_AGGRESSIVE;
				GCC_WARN_UNUSED_FUNCTION = YES;
				GCC_WARN_UNUSED_VARIABLE = YES;
				IPHONEOS_DEPLOYMENT_TARGET = 8.3;
				MTL_ENABLE_DEBUG_INFO = YES;
				ONLY_ACTIVE_ARCH = YES;
				SDKROOT = iphoneos;
			};
			name = Debug;
		};
		0476917D1B39554C008A693A /* Release */ = {
			isa = XCBuildConfiguration;
			buildSettings = {
				ALWAYS_SEARCH_USER_PATHS = NO;
				CLANG_CXX_LANGUAGE_STANDARD = "gnu++0x";
				CLANG_CXX_LIBRARY = "libc++";
				CLANG_ENABLE_MODULES = YES;
				CLANG_ENABLE_OBJC_ARC = YES;
				CLANG_WARN_BOOL_CONVERSION = YES;
				CLANG_WARN_CONSTANT_CONVERSION = YES;
				CLANG_WARN_DIRECT_OBJC_ISA_USAGE = YES_ERROR;
				CLANG_WARN_EMPTY_BODY = YES;
				CLANG_WARN_ENUM_CONVERSION = YES;
				CLANG_WARN_INT_CONVERSION = YES;
				CLANG_WARN_OBJC_ROOT_CLASS = YES_ERROR;
				CLANG_WARN_UNREACHABLE_CODE = YES;
				CLANG_WARN__DUPLICATE_METHOD_MATCH = YES;
				"CODE_SIGN_IDENTITY[sdk=iphoneos*]" = "iPhone Developer";
				COPY_PHASE_STRIP = NO;
				DEBUG_INFORMATION_FORMAT = "dwarf-with-dsym";
				ENABLE_NS_ASSERTIONS = NO;
				ENABLE_STRICT_OBJC_MSGSEND = YES;
				GCC_C_LANGUAGE_STANDARD = gnu99;
				GCC_NO_COMMON_BLOCKS = YES;
				GCC_WARN_64_TO_32_BIT_CONVERSION = YES;
				GCC_WARN_ABOUT_RETURN_TYPE = YES_ERROR;
				GCC_WARN_UNDECLARED_SELECTOR = YES;
				GCC_WARN_UNINITIALIZED_AUTOS = YES_AGGRESSIVE;
				GCC_WARN_UNUSED_FUNCTION = YES;
				GCC_WARN_UNUSED_VARIABLE = YES;
				IPHONEOS_DEPLOYMENT_TARGET = 8.3;
				MTL_ENABLE_DEBUG_INFO = NO;
				SDKROOT = iphoneos;
				VALIDATE_PRODUCT = YES;
			};
			name = Release;
		};
		0476917F1B39554C008A693A /* Debug */ = {
			isa = XCBuildConfiguration;
			buildSettings = {
				ASSETCATALOG_COMPILER_APPICON_NAME = AppIcon;
				INFOPLIST_FILE = VKWaterfall/Info.plist;
				IPHONEOS_DEPLOYMENT_TARGET = 7.0;
				LD_RUNPATH_SEARCH_PATHS = "$(inherited) @executable_path/Frameworks";
				PRODUCT_NAME = "$(TARGET_NAME)";
			};
			name = Debug;
		};
		047691801B39554C008A693A /* Release */ = {
			isa = XCBuildConfiguration;
			buildSettings = {
				ASSETCATALOG_COMPILER_APPICON_NAME = AppIcon;
				INFOPLIST_FILE = VKWaterfall/Info.plist;
				IPHONEOS_DEPLOYMENT_TARGET = 7.0;
				LD_RUNPATH_SEARCH_PATHS = "$(inherited) @executable_path/Frameworks";
				PRODUCT_NAME = "$(TARGET_NAME)";
			};
			name = Release;
		};
		047691821B39554C008A693A /* Debug */ = {
			isa = XCBuildConfiguration;
			buildSettings = {
				BUNDLE_LOADER = "$(TEST_HOST)";
				FRAMEWORK_SEARCH_PATHS = (
					"$(SDKROOT)/Developer/Library/Frameworks",
					"$(inherited)",
				);
				GCC_PREPROCESSOR_DEFINITIONS = (
					"DEBUG=1",
					"$(inherited)",
				);
				INFOPLIST_FILE = VKWaterfallTests/Info.plist;
				LD_RUNPATH_SEARCH_PATHS = "$(inherited) @executable_path/Frameworks @loader_path/Frameworks";
				PRODUCT_NAME = "$(TARGET_NAME)";
				TEST_HOST = "$(BUILT_PRODUCTS_DIR)/VKWaterfall.app/VKWaterfall";
			};
			name = Debug;
		};
		047691831B39554C008A693A /* Release */ = {
			isa = XCBuildConfiguration;
			buildSettings = {
				BUNDLE_LOADER = "$(TEST_HOST)";
				FRAMEWORK_SEARCH_PATHS = (
					"$(SDKROOT)/Developer/Library/Frameworks",
					"$(inherited)",
				);
				INFOPLIST_FILE = VKWaterfallTests/Info.plist;
				LD_RUNPATH_SEARCH_PATHS = "$(inherited) @executable_path/Frameworks @loader_path/Frameworks";
				PRODUCT_NAME = "$(TARGET_NAME)";
				TEST_HOST = "$(BUILT_PRODUCTS_DIR)/VKWaterfall.app/VKWaterfall";
			};
			name = Release;
		};
/* End XCBuildConfiguration section */

/* Begin XCConfigurationList section */
		047691561B39554C008A693A /* Build configuration list for PBXProject "VKWaterfall" */ = {
			isa = XCConfigurationList;
			buildConfigurations = (
				0476917C1B39554C008A693A /* Debug */,
				0476917D1B39554C008A693A /* Release */,
			);
			defaultConfigurationIsVisible = 0;
			defaultConfigurationName = Release;
		};
		0476917E1B39554C008A693A /* Build configuration list for PBXNativeTarget "VKWaterfall" */ = {
			isa = XCConfigurationList;
			buildConfigurations = (
				0476917F1B39554C008A693A /* Debug */,
				047691801B39554C008A693A /* Release */,
			);
			defaultConfigurationIsVisible = 0;
			defaultConfigurationName = Release;
		};
		047691811B39554C008A693A /* Build configuration list for PBXNativeTarget "VKWaterfallTests" */ = {
			isa = XCConfigurationList;
			buildConfigurations = (
				047691821B39554C008A693A /* Debug */,
				047691831B39554C008A693A /* Release */,
			);
			defaultConfigurationIsVisible = 0;
			defaultConfigurationName = Release;
		};
/* End XCConfigurationList section */
	};
	rootObject = 047691531B39554C008A693A /* Project object */;
}
